dependencies:
- name: postgresql
  repository: https://charts.bitnami.com/bitnami
  version: 8.7.2
- name: redis
  repository: https://charts.bitnami.com/bitnami
  version: 10.6.3
digest: sha256:bdb1bb3a1e0e4a122f02645caa0b1542b06f08dced834951baf1aa04bf4ae862
generated: "2020-04-07T09:29:39.614728-03:00"
