dependencies:
- name: mariadb
  repository: https://charts.bitnami.com/bitnami
  version: 11.0.10
- name: memcached
  repository: https://charts.bitnami.com/bitnami
  version: 6.1.1
digest: sha256:069f16ccd58d1322b7ebaa2f81f13913898b830401726b8cfb92975e46b69391
generated: "2024-10-22T15:17:05.644612142-03:00"
