dependencies:
- name: mariadb
  repository: https://charts.bitnami.com/bitnami
  version: 10.4.4
- name: memcached
  repository: https://charts.bitnami.com/bitnami
  version: 6.0.10
digest: sha256:82bd28a75702fa0313d8aedd8686527365365c914f2a5776e722da436e45135c
generated: "2022-04-01T11:42:33.634085-03:00"
